# This file is automatically @generated by Cargo.
# It is not intended for manual editing.
version = 3

[[package]]
name = "server"
version = "0.1.0"
dependencies = [
 "thrdpool",
]

[[package]]
name = "thrdpool"
version = "0.1.0"
source = "registry+https://github.com/rust-lang/crates.io-index"
checksum = "3cc0f08348b5bb56fb5a23394fe603ff346ad42adf915c46befd99b4a4b61b98"
